
Microsoft Visual Studio Solution File, Format Version 12.00
# Visual Studio Version 16
VisualStudioVersion = 16.0.31729.503
MinimumVisualStudioVersion = 10.0.40219.1
Project("{FAE04EC0-301F-11D3-BF4B-00C04F79EFBC}") = "LoopsAndRandomNumbers", "LoopsAndRandomNumbers\LoopsAndRandomNumbers.csproj", "{B2CA1434-64FB-4336-9620-0C9B1F2F789C}"
EndProject
Project("{FAE04EC0-301F-11D3-BF4B-00C04F79EFBC}") = "PINInfiniteLoop", "PINInfiniteLoop\PINInfiniteLoop.csproj", "{2338DA73-BBF8-42B8-9EBB-DF8A81B72737}"
EndProject
Project("{FAE04EC0-301F-11D3-BF4B-00C04F79EFBC}") = "RandomNumber", "RandomNumber\RandomNumber.csproj", "{867CD6B8-4974-48D5-BCFE-96807BDB791E}"
EndProject
Project("{FAE04EC0-301F-11D3-BF4B-00C04F79EFBC}") = "GuessingGameInfinite", "GuessingGameInfinite\GuessingGameInfinite.csproj", "{3A03ED80-8665-4AC1-806E-4723CF71C14C}"
EndProject
Project("{FAE04EC0-301F-11D3-BF4B-00C04F79EFBC}") = "GuessingGameThreeTries", "GuessingGameThreeTries\GuessingGameThreeTries.csproj", "{815B0409-B3D6-4ED7-863D-A9E940D7D23B}"
EndProject
Global
	GlobalSection(SolutionConfigurationPlatforms) = preSolution
		Debug|Any CPU = Debug|Any CPU
		Release|Any CPU = Release|Any CPU
	EndGlobalSection
	GlobalSection(ProjectConfigurationPlatforms) = postSolution
		{B2CA1434-64FB-4336-9620-0C9B1F2F789C}.Debug|Any CPU.ActiveCfg = Debug|Any CPU
		{B2CA1434-64FB-4336-9620-0C9B1F2F789C}.Debug|Any CPU.Build.0 = Debug|Any CPU
		{B2CA1434-64FB-4336-9620-0C9B1F2F789C}.Release|Any CPU.ActiveCfg = Release|Any CPU
		{B2CA1434-64FB-4336-9620-0C9B1F2F789C}.Release|Any CPU.Build.0 = Release|Any CPU
		{2338DA73-BBF8-42B8-9EBB-DF8A81B72737}.Debug|Any CPU.ActiveCfg = Debug|Any CPU
		{2338DA73-BBF8-42B8-9EBB-DF8A81B72737}.Debug|Any CPU.Build.0 = Debug|Any CPU
		{2338DA73-BBF8-42B8-9EBB-DF8A81B72737}.Release|Any CPU.ActiveCfg = Release|Any CPU
		{2338DA73-BBF8-42B8-9EBB-DF8A81B72737}.Release|Any CPU.Build.0 = Release|Any CPU
		{867CD6B8-4974-48D5-BCFE-96807BDB791E}.Debug|Any CPU.ActiveCfg = Debug|Any CPU
		{867CD6B8-4974-48D5-BCFE-96807BDB791E}.Debug|Any CPU.Build.0 = Debug|Any CPU
		{867CD6B8-4974-48D5-BCFE-96807BDB791E}.Release|Any CPU.ActiveCfg = Release|Any CPU
		{867CD6B8-4974-48D5-BCFE-96807BDB791E}.Release|Any CPU.Build.0 = Release|Any CPU
		{3A03ED80-8665-4AC1-806E-4723CF71C14C}.Debug|Any CPU.ActiveCfg = Debug|Any CPU
		{3A03ED80-8665-4AC1-806E-4723CF71C14C}.Debug|Any CPU.Build.0 = Debug|Any CPU
		{3A03ED80-8665-4AC1-806E-4723CF71C14C}.Release|Any CPU.ActiveCfg = Release|Any CPU
		{3A03ED80-8665-4AC1-806E-4723CF71C14C}.Release|Any CPU.Build.0 = Release|Any CPU
		{815B0409-B3D6-4ED7-863D-A9E940D7D23B}.Debug|Any CPU.ActiveCfg = Debug|Any CPU
		{815B0409-B3D6-4ED7-863D-A9E940D7D23B}.Debug|Any CPU.Build.0 = Debug|Any CPU
		{815B0409-B3D6-4ED7-863D-A9E940D7D23B}.Release|Any CPU.ActiveCfg = Release|Any CPU
		{815B0409-B3D6-4ED7-863D-A9E940D7D23B}.Release|Any CPU.Build.0 = Release|Any CPU
	EndGlobalSection
	GlobalSection(SolutionProperties) = preSolution
		HideSolutionNode = FALSE
	EndGlobalSection
	GlobalSection(ExtensibilityGlobals) = postSolution
		SolutionGuid = {0F67AA34-E7BF-4B80-8389-1C1CD6B2DA59}
	EndGlobalSection
EndGlobal
